
Microsoft Visual Studio Solution File, Format Version 12.00
# Visual Studio Version 17
VisualStudioVersion = 17.11.35303.130
MinimumVisualStudioVersion = 10.0.40219.1
Project("{2150E333-8FDC-42A3-9474-1A3956D46DE8}") = "Task0", "Task0", "{BF96A9D3-383C-4877-936F-E61344D16A86}"
EndProject
Project("{9A19103F-16F7-4668-BE54-9A1E7A4F7556}") = "Tyuiu.AidemirAF.Sprint0.Task0.V0", "Tyuiu.AidemirAF.Sprint0.Task0.V0\Tyuiu.AidemirAF.Sprint0.Task0.V0.csproj", "{588E983B-0208-4447-A15D-2445C24208B2}"
EndProject
Project("{2150E333-8FDC-42A3-9474-1A3956D46DE8}") = "Task1", "Task1", "{515B468B-01BD-4390-907F-3B35DE937666}"
EndProject
Project("{9A19103F-16F7-4668-BE54-9A1E7A4F7556}") = "Tyuiu.AidemirAF.Sprint0.Task1.V0", "Tyuiu.AidemirAF.Sprint0.Task1.V0\Tyuiu.AidemirAF.Sprint0.Task1.V0.csproj", "{1A229392-DDA7-465A-A6A5-C6EFE3C3F80B}"
EndProject
Project("{2150E333-8FDC-42A3-9474-1A3956D46DE8}") = "Task2", "Task2", "{0A91AC5B-9544-4B48-B868-F0A5C421327E}"
EndProject
Project("{9A19103F-16F7-4668-BE54-9A1E7A4F7556}") = "Tyuiu.AidemirAF.Sprint0.Task2.V0", "Tyuiu.AidemirAF.Sprint0.Task2.V0\Tyuiu.AidemirAF.Sprint0.Task2.V0.csproj", "{69C64321-C09F-42E0-A9D1-5D337BAA93C6}"
EndProject
Project("{9A19103F-16F7-4668-BE54-9A1E7A4F7556}") = "Tyuiu.AidemirAF.Sprint0.Task2.V0.Lib", "Tyuiu.AidemirAF.Sprint0.Task2.V0.Lib\Tyuiu.AidemirAF.Sprint0.Task2.V0.Lib.csproj", "{7CF974E2-3015-4F71-9F3E-BBC45ED79B02}"
EndProject
Project("{9A19103F-16F7-4668-BE54-9A1E7A4F7556}") = "Tyuiu.AidemirAF.Sprint0.Task2.V0.Test", "Tyuiu.AidemirAF.Sprint0.Task2.V0.Test\Tyuiu.AidemirAF.Sprint0.Task2.V0.Test.csproj", "{B785F96B-2228-474C-9454-7F5878C245B3}"
EndProject
Project("{2150E333-8FDC-42A3-9474-1A3956D46DE8}") = "Task3", "Task3", "{94FCFF24-8412-49C8-9FE0-016C15EED507}"
EndProject
Project("{FAE04EC0-301F-11D3-BF4B-00C04F79EFBC}") = "Tyuiu.AidemirAF.Sprint0.Task3.V0", "Tyuiu.AidemirAF.Sprint0.Task3.V0\Tyuiu.AidemirAF.Sprint0.Task3.V0.csproj", "{23D86201-1BF4-4AA5-B8F9-65447F97DE4E}"
EndProject
Project("{FAE04EC0-301F-11D3-BF4B-00C04F79EFBC}") = "Tyuiu.AidemirAF.Sprint0.Task3.V0.Lib", "Tyuiu.AidemirAF.Sprint0.Task3.V0.Lib\Tyuiu.AidemirAF.Sprint0.Task3.V0.Lib.csproj", "{4F04040B-7FFA-492B-A368-7D50A46646E8}"
EndProject
Project("{FAE04EC0-301F-11D3-BF4B-00C04F79EFBC}") = "Tyuiu.AidemirAF.Sprint0.Task3.V0.Test", "Tyuiu.AidemirAF.Sprint0.Task3.V0.Test\Tyuiu.AidemirAF.Sprint0.Task3.V0.Test.csproj", "{9713F999-804E-4534-AE26-97F007467BD3}"
EndProject
Project("{2150E333-8FDC-42A3-9474-1A3956D46DE8}") = "Task4", "Task4", "{BBCDB159-5A56-4B08-B389-8993635A5944}"
EndProject
Project("{FAE04EC0-301F-11D3-BF4B-00C04F79EFBC}") = "Tyuiu.AidemirAF.Sprint0.Task4.V0", "Tyuiu.AidemirAF.Sprint0.Task4.V0\Tyuiu.AidemirAF.Sprint0.Task4.V0.csproj", "{EBAD9C78-CA95-47A0-A8D9-988B9068186E}"
EndProject
Project("{FAE04EC0-301F-11D3-BF4B-00C04F79EFBC}") = "Tyuiu.AidemirAF.Sprint0.Task4.V0.Lib", "Tyuiu.AidemirAF.Sprint0.Task4.V0.Lib\Tyuiu.AidemirAF.Sprint0.Task4.V0.Lib.csproj", "{E0B6B88B-FBBE-4F9E-A3E1-270A969F6EB3}"
EndProject
Project("{FAE04EC0-301F-11D3-BF4B-00C04F79EFBC}") = "Tyuiu.AidemirAF.Sprint0.Task4.V0.Test", "Tyuiu.AidemirAF.Sprint0.Task4.V0.Test\Tyuiu.AidemirAF.Sprint0.Task4.V0.Test.csproj", "{ECA28219-DAA0-4242-A8A3-53F5AFE031CD}"
EndProject
Global
	GlobalSection(SolutionConfigurationPlatforms) = preSolution
		Debug|Any CPU = Debug|Any CPU
		Release|Any CPU = Release|Any CPU
	EndGlobalSection
	GlobalSection(ProjectConfigurationPlatforms) = postSolution
		{588E983B-0208-4447-A15D-2445C24208B2}.Debug|Any CPU.ActiveCfg = Debug|Any CPU
		{588E983B-0208-4447-A15D-2445C24208B2}.Debug|Any CPU.Build.0 = Debug|Any CPU
		{588E983B-0208-4447-A15D-2445C24208B2}.Release|Any CPU.ActiveCfg = Release|Any CPU
		{588E983B-0208-4447-A15D-2445C24208B2}.Release|Any CPU.Build.0 = Release|Any CPU
		{1A229392-DDA7-465A-A6A5-C6EFE3C3F80B}.Debug|Any CPU.ActiveCfg = Debug|Any CPU
		{1A229392-DDA7-465A-A6A5-C6EFE3C3F80B}.Debug|Any CPU.Build.0 = Debug|Any CPU
		{1A229392-DDA7-465A-A6A5-C6EFE3C3F80B}.Release|Any CPU.ActiveCfg = Release|Any CPU
		{1A229392-DDA7-465A-A6A5-C6EFE3C3F80B}.Release|Any CPU.Build.0 = Release|Any CPU
		{69C64321-C09F-42E0-A9D1-5D337BAA93C6}.Debug|Any CPU.ActiveCfg = Debug|Any CPU
		{69C64321-C09F-42E0-A9D1-5D337BAA93C6}.Debug|Any CPU.Build.0 = Debug|Any CPU
		{69C64321-C09F-42E0-A9D1-5D337BAA93C6}.Release|Any CPU.ActiveCfg = Release|Any CPU
		{69C64321-C09F-42E0-A9D1-5D337BAA93C6}.Release|Any CPU.Build.0 = Release|Any CPU
		{7CF974E2-3015-4F71-9F3E-BBC45ED79B02}.Debug|Any CPU.ActiveCfg = Debug|Any CPU
		{7CF974E2-3015-4F71-9F3E-BBC45ED79B02}.Debug|Any CPU.Build.0 = Debug|Any CPU
		{7CF974E2-3015-4F71-9F3E-BBC45ED79B02}.Release|Any CPU.ActiveCfg = Release|Any CPU
		{7CF974E2-3015-4F71-9F3E-BBC45ED79B02}.Release|Any CPU.Build.0 = Release|Any CPU
		{B785F96B-2228-474C-9454-7F5878C245B3}.Debug|Any CPU.ActiveCfg = Debug|Any CPU
		{B785F96B-2228-474C-9454-7F5878C245B3}.Debug|Any CPU.Build.0 = Debug|Any CPU
		{B785F96B-2228-474C-9454-7F5878C245B3}.Release|Any CPU.ActiveCfg = Release|Any CPU
		{B785F96B-2228-474C-9454-7F5878C245B3}.Release|Any CPU.Build.0 = Release|Any CPU
		{23D86201-1BF4-4AA5-B8F9-65447F97DE4E}.Debug|Any CPU.ActiveCfg = Debug|Any CPU
		{23D86201-1BF4-4AA5-B8F9-65447F97DE4E}.Debug|Any CPU.Build.0 = Debug|Any CPU
		{23D86201-1BF4-4AA5-B8F9-65447F97DE4E}.Release|Any CPU.ActiveCfg = Release|Any CPU
		{23D86201-1BF4-4AA5-B8F9-65447F97DE4E}.Release|Any CPU.Build.0 = Release|Any CPU
		{4F04040B-7FFA-492B-A368-7D50A46646E8}.Debug|Any CPU.ActiveCfg = Debug|Any CPU
		{4F04040B-7FFA-492B-A368-7D50A46646E8}.Debug|Any CPU.Build.0 = Debug|Any CPU
		{4F04040B-7FFA-492B-A368-7D50A46646E8}.Release|Any CPU.ActiveCfg = Release|Any CPU
		{4F04040B-7FFA-492B-A368-7D50A46646E8}.Release|Any CPU.Build.0 = Release|Any CPU
		{9713F999-804E-4534-AE26-97F007467BD3}.Debug|Any CPU.ActiveCfg = Debug|Any CPU
		{9713F999-804E-4534-AE26-97F007467BD3}.Debug|Any CPU.Build.0 = Debug|Any CPU
		{9713F999-804E-4534-AE26-97F007467BD3}.Release|Any CPU.ActiveCfg = Release|Any CPU
		{9713F999-804E-4534-AE26-97F007467BD3}.Release|Any CPU.Build.0 = Release|Any CPU
		{EBAD9C78-CA95-47A0-A8D9-988B9068186E}.Debug|Any CPU.ActiveCfg = Debug|Any CPU
		{EBAD9C78-CA95-47A0-A8D9-988B9068186E}.Debug|Any CPU.Build.0 = Debug|Any CPU
		{EBAD9C78-CA95-47A0-A8D9-988B9068186E}.Release|Any CPU.ActiveCfg = Release|Any CPU
		{EBAD9C78-CA95-47A0-A8D9-988B9068186E}.Release|Any CPU.Build.0 = Release|Any CPU
		{E0B6B88B-FBBE-4F9E-A3E1-270A969F6EB3}.Debug|Any CPU.ActiveCfg = Debug|Any CPU
		{E0B6B88B-FBBE-4F9E-A3E1-270A969F6EB3}.Debug|Any CPU.Build.0 = Debug|Any CPU
		{E0B6B88B-FBBE-4F9E-A3E1-270A969F6EB3}.Release|Any CPU.ActiveCfg = Release|Any CPU
		{E0B6B88B-FBBE-4F9E-A3E1-270A969F6EB3}.Release|Any CPU.Build.0 = Release|Any CPU
		{ECA28219-DAA0-4242-A8A3-53F5AFE031CD}.Debug|Any CPU.ActiveCfg = Debug|Any CPU
		{ECA28219-DAA0-4242-A8A3-53F5AFE031CD}.Debug|Any CPU.Build.0 = Debug|Any CPU
		{ECA28219-DAA0-4242-A8A3-53F5AFE031CD}.Release|Any CPU.ActiveCfg = Release|Any CPU
		{ECA28219-DAA0-4242-A8A3-53F5AFE031CD}.Release|Any CPU.Build.0 = Release|Any CPU
	EndGlobalSection
	GlobalSection(SolutionProperties) = preSolution
		HideSolutionNode = FALSE
	EndGlobalSection
	GlobalSection(NestedProjects) = preSolution
		{588E983B-0208-4447-A15D-2445C24208B2} = {BF96A9D3-383C-4877-936F-E61344D16A86}
		{1A229392-DDA7-465A-A6A5-C6EFE3C3F80B} = {515B468B-01BD-4390-907F-3B35DE937666}
		{69C64321-C09F-42E0-A9D1-5D337BAA93C6} = {0A91AC5B-9544-4B48-B868-F0A5C421327E}
		{7CF974E2-3015-4F71-9F3E-BBC45ED79B02} = {0A91AC5B-9544-4B48-B868-F0A5C421327E}
		{B785F96B-2228-474C-9454-7F5878C245B3} = {0A91AC5B-9544-4B48-B868-F0A5C421327E}
		{23D86201-1BF4-4AA5-B8F9-65447F97DE4E} = {94FCFF24-8412-49C8-9FE0-016C15EED507}
		{4F04040B-7FFA-492B-A368-7D50A46646E8} = {94FCFF24-8412-49C8-9FE0-016C15EED507}
		{9713F999-804E-4534-AE26-97F007467BD3} = {94FCFF24-8412-49C8-9FE0-016C15EED507}
		{EBAD9C78-CA95-47A0-A8D9-988B9068186E} = {BBCDB159-5A56-4B08-B389-8993635A5944}
		{E0B6B88B-FBBE-4F9E-A3E1-270A969F6EB3} = {BBCDB159-5A56-4B08-B389-8993635A5944}
		{ECA28219-DAA0-4242-A8A3-53F5AFE031CD} = {BBCDB159-5A56-4B08-B389-8993635A5944}
	EndGlobalSection
	GlobalSection(ExtensibilityGlobals) = postSolution
		SolutionGuid = {DE25447D-FD47-47A2-B43F-69DD1F3C0E6C}
	EndGlobalSection
EndGlobal
